
Microsoft Visual Studio Solution File, Format Version 12.00
Project("{FAE04EC0-301F-11D3-BF4B-00C04F79EFBC}") = "Odin.Core.Tests", "Odin.Core.Tests\Odin.Core.Tests.csproj", "{59D2477F-FCF7-4EDB-8C65-01A12D50E9C4}"
EndProject
Project("{FAE04EC0-301F-11D3-BF4B-00C04F79EFBC}") = "Odin.Systems", "Odin.Systems\Odin.Systems.csproj", "{47B87FEF-A49C-46F6-8EC4-F6D7BD0FDF3F}"
EndProject
Project("{FAE04EC0-301F-11D3-BF4B-00C04F79EFBC}") = "Odin.Core.CodeGen", "Odin.Core.CodeGen\Odin.Core.CodeGen.csproj", "{1C32FE40-0240-4D1D-A722-1389622E8129}"
EndProject
Project("{FAE04EC0-301F-11D3-BF4B-00C04F79EFBC}") = "Odin.Core.CodeGen.Sample", "Odin.Core.CodeGen.Sample\Odin.Core.CodeGen.Sample.csproj", "{E85F7769-A5A3-4446-A55A-1456CC4D5CBF}"
EndProject
Project("{FAE04EC0-301F-11D3-BF4B-00C04F79EFBC}") = "Odin.Db.Sqlite", "Odin.Db.Sqlite\Odin.Db.Sqlite.csproj", "{AFF3E877-A08F-400F-A69D-4F7791A5EB8A}"
EndProject
Project("{FAE04EC0-301F-11D3-BF4B-00C04F79EFBC}") = "Odin.Tests.Abstractions", "Odin.Tests.Abstractions\Odin.Tests.Abstractions.csproj", "{542BB7F9-3F0C-4FAC-92B1-4969795774E5}"
EndProject
Project("{FAE04EC0-301F-11D3-BF4B-00C04F79EFBC}") = "Odin.Db.Sqlite.Tests", "Odin.Db.Sqlite.Tests\Odin.Db.Sqlite.Tests.csproj", "{10F9F7F6-0288-4FB5-BB8F-6ECC05FA0606}"
EndProject
Project("{2150E333-8FDC-42A3-9474-1A3956D46DE8}") = "Db", "Db", "{F7BE4457-6A42-4F89-A85C-3CA81782B469}"
EndProject
Project("{2150E333-8FDC-42A3-9474-1A3956D46DE8}") = "Sqlite", "Sqlite", "{C7185EAA-5378-40D5-8B5D-5B3079F3AE92}"
EndProject
Project("{FAE04EC0-301F-11D3-BF4B-00C04F79EFBC}") = "Odin.CodeGen.Abstractions", "Odin.CodeGen.Abstractions\Odin.CodeGen.Abstractions.csproj", "{E650BB34-3CFB-4233-B6DF-BF7031C857A4}"
EndProject
Project("{FAE04EC0-301F-11D3-BF4B-00C04F79EFBC}") = "Odin.Utils", "Odin.Utils\Odin.Utils.csproj", "{C4A2598B-99D4-4D93-921E-2D83CDCB6E31}"
EndProject
Project("{2150E333-8FDC-42A3-9474-1A3956D46DE8}") = "Odin.Core", "Odin.Core", "{7AB8C438-92DD-4C43-89A2-3DF94F2F4AFF}"
EndProject
Project("{2150E333-8FDC-42A3-9474-1A3956D46DE8}") = "Shared", "Shared", "{DA4DB9F6-17A4-4BDF-8F8D-BA794574FFB6}"
EndProject
Project("{FAE04EC0-301F-11D3-BF4B-00C04F79EFBC}") = "Odin.Core", "Odin.Core\Odin.Core.csproj", "{6EE08454-56B3-404D-B9F9-A2F6BAFE112C}"
EndProject
Project("{FAE04EC0-301F-11D3-BF4B-00C04F79EFBC}") = "Odin.Core.Abstractions", "Odin.Core.Abstractions\Odin.Core.Abstractions.csproj", "{2ABBAA9A-E829-480D-A296-7EBF88AFF154}"
EndProject
Global
	GlobalSection(SolutionConfigurationPlatforms) = preSolution
		Debug|Any CPU = Debug|Any CPU
		Release|Any CPU = Release|Any CPU
	EndGlobalSection
	GlobalSection(ProjectConfigurationPlatforms) = postSolution
		{59D2477F-FCF7-4EDB-8C65-01A12D50E9C4}.Debug|Any CPU.ActiveCfg = Debug|Any CPU
		{59D2477F-FCF7-4EDB-8C65-01A12D50E9C4}.Debug|Any CPU.Build.0 = Debug|Any CPU
		{59D2477F-FCF7-4EDB-8C65-01A12D50E9C4}.Release|Any CPU.ActiveCfg = Release|Any CPU
		{59D2477F-FCF7-4EDB-8C65-01A12D50E9C4}.Release|Any CPU.Build.0 = Release|Any CPU
		{47B87FEF-A49C-46F6-8EC4-F6D7BD0FDF3F}.Debug|Any CPU.ActiveCfg = Debug|Any CPU
		{47B87FEF-A49C-46F6-8EC4-F6D7BD0FDF3F}.Debug|Any CPU.Build.0 = Debug|Any CPU
		{47B87FEF-A49C-46F6-8EC4-F6D7BD0FDF3F}.Release|Any CPU.ActiveCfg = Release|Any CPU
		{47B87FEF-A49C-46F6-8EC4-F6D7BD0FDF3F}.Release|Any CPU.Build.0 = Release|Any CPU
		{1C32FE40-0240-4D1D-A722-1389622E8129}.Debug|Any CPU.ActiveCfg = Debug|Any CPU
		{1C32FE40-0240-4D1D-A722-1389622E8129}.Debug|Any CPU.Build.0 = Debug|Any CPU
		{1C32FE40-0240-4D1D-A722-1389622E8129}.Release|Any CPU.ActiveCfg = Release|Any CPU
		{1C32FE40-0240-4D1D-A722-1389622E8129}.Release|Any CPU.Build.0 = Release|Any CPU
		{E85F7769-A5A3-4446-A55A-1456CC4D5CBF}.Debug|Any CPU.ActiveCfg = Debug|Any CPU
		{E85F7769-A5A3-4446-A55A-1456CC4D5CBF}.Debug|Any CPU.Build.0 = Debug|Any CPU
		{E85F7769-A5A3-4446-A55A-1456CC4D5CBF}.Release|Any CPU.ActiveCfg = Release|Any CPU
		{E85F7769-A5A3-4446-A55A-1456CC4D5CBF}.Release|Any CPU.Build.0 = Release|Any CPU
		{AFF3E877-A08F-400F-A69D-4F7791A5EB8A}.Debug|Any CPU.ActiveCfg = Debug|Any CPU
		{AFF3E877-A08F-400F-A69D-4F7791A5EB8A}.Debug|Any CPU.Build.0 = Debug|Any CPU
		{AFF3E877-A08F-400F-A69D-4F7791A5EB8A}.Release|Any CPU.ActiveCfg = Release|Any CPU
		{AFF3E877-A08F-400F-A69D-4F7791A5EB8A}.Release|Any CPU.Build.0 = Release|Any CPU
		{542BB7F9-3F0C-4FAC-92B1-4969795774E5}.Debug|Any CPU.ActiveCfg = Debug|Any CPU
		{542BB7F9-3F0C-4FAC-92B1-4969795774E5}.Debug|Any CPU.Build.0 = Debug|Any CPU
		{542BB7F9-3F0C-4FAC-92B1-4969795774E5}.Release|Any CPU.ActiveCfg = Release|Any CPU
		{542BB7F9-3F0C-4FAC-92B1-4969795774E5}.Release|Any CPU.Build.0 = Release|Any CPU
		{10F9F7F6-0288-4FB5-BB8F-6ECC05FA0606}.Debug|Any CPU.ActiveCfg = Debug|Any CPU
		{10F9F7F6-0288-4FB5-BB8F-6ECC05FA0606}.Debug|Any CPU.Build.0 = Debug|Any CPU
		{10F9F7F6-0288-4FB5-BB8F-6ECC05FA0606}.Release|Any CPU.ActiveCfg = Release|Any CPU
		{10F9F7F6-0288-4FB5-BB8F-6ECC05FA0606}.Release|Any CPU.Build.0 = Release|Any CPU
		{E650BB34-3CFB-4233-B6DF-BF7031C857A4}.Debug|Any CPU.ActiveCfg = Debug|Any CPU
		{E650BB34-3CFB-4233-B6DF-BF7031C857A4}.Debug|Any CPU.Build.0 = Debug|Any CPU
		{E650BB34-3CFB-4233-B6DF-BF7031C857A4}.Release|Any CPU.ActiveCfg = Release|Any CPU
		{E650BB34-3CFB-4233-B6DF-BF7031C857A4}.Release|Any CPU.Build.0 = Release|Any CPU
		{C4A2598B-99D4-4D93-921E-2D83CDCB6E31}.Debug|Any CPU.ActiveCfg = Debug|Any CPU
		{C4A2598B-99D4-4D93-921E-2D83CDCB6E31}.Debug|Any CPU.Build.0 = Debug|Any CPU
		{C4A2598B-99D4-4D93-921E-2D83CDCB6E31}.Release|Any CPU.ActiveCfg = Release|Any CPU
		{C4A2598B-99D4-4D93-921E-2D83CDCB6E31}.Release|Any CPU.Build.0 = Release|Any CPU
		{6EE08454-56B3-404D-B9F9-A2F6BAFE112C}.Debug|Any CPU.ActiveCfg = Debug|Any CPU
		{6EE08454-56B3-404D-B9F9-A2F6BAFE112C}.Debug|Any CPU.Build.0 = Debug|Any CPU
		{6EE08454-56B3-404D-B9F9-A2F6BAFE112C}.Release|Any CPU.ActiveCfg = Release|Any CPU
		{6EE08454-56B3-404D-B9F9-A2F6BAFE112C}.Release|Any CPU.Build.0 = Release|Any CPU
		{2ABBAA9A-E829-480D-A296-7EBF88AFF154}.Debug|Any CPU.ActiveCfg = Debug|Any CPU
		{2ABBAA9A-E829-480D-A296-7EBF88AFF154}.Debug|Any CPU.Build.0 = Debug|Any CPU
		{2ABBAA9A-E829-480D-A296-7EBF88AFF154}.Release|Any CPU.ActiveCfg = Release|Any CPU
		{2ABBAA9A-E829-480D-A296-7EBF88AFF154}.Release|Any CPU.Build.0 = Release|Any CPU
	EndGlobalSection
	GlobalSection(NestedProjects) = preSolution
		{C7185EAA-5378-40D5-8B5D-5B3079F3AE92} = {F7BE4457-6A42-4F89-A85C-3CA81782B469}
		{AFF3E877-A08F-400F-A69D-4F7791A5EB8A} = {C7185EAA-5378-40D5-8B5D-5B3079F3AE92}
		{10F9F7F6-0288-4FB5-BB8F-6ECC05FA0606} = {C7185EAA-5378-40D5-8B5D-5B3079F3AE92}
		{C4A2598B-99D4-4D93-921E-2D83CDCB6E31} = {DA4DB9F6-17A4-4BDF-8F8D-BA794574FFB6}
		{E85F7769-A5A3-4446-A55A-1456CC4D5CBF} = {7AB8C438-92DD-4C43-89A2-3DF94F2F4AFF}
		{1C32FE40-0240-4D1D-A722-1389622E8129} = {7AB8C438-92DD-4C43-89A2-3DF94F2F4AFF}
		{E650BB34-3CFB-4233-B6DF-BF7031C857A4} = {DA4DB9F6-17A4-4BDF-8F8D-BA794574FFB6}
		{542BB7F9-3F0C-4FAC-92B1-4969795774E5} = {DA4DB9F6-17A4-4BDF-8F8D-BA794574FFB6}
		{6EE08454-56B3-404D-B9F9-A2F6BAFE112C} = {7AB8C438-92DD-4C43-89A2-3DF94F2F4AFF}
		{59D2477F-FCF7-4EDB-8C65-01A12D50E9C4} = {7AB8C438-92DD-4C43-89A2-3DF94F2F4AFF}
		{2ABBAA9A-E829-480D-A296-7EBF88AFF154} = {7AB8C438-92DD-4C43-89A2-3DF94F2F4AFF}
	EndGlobalSection
EndGlobal
