
Microsoft Visual Studio Solution File, Format Version 12.00
Project("{FAE04EC0-301F-11D3-BF4B-00C04F79EFBC}") = "OdinSdk", "OdinSdk\OdinSdk.csproj", "{64FB84D3-2AB1-41AA-93F4-E0E56DB1FC0F}"
EndProject
Project("{FAE04EC0-301F-11D3-BF4B-00C04F79EFBC}") = "OdinSdk.Tests", "OdinSdk.Tests\OdinSdk.Tests.csproj", "{59D2477F-FCF7-4EDB-8C65-01A12D50E9C4}"
EndProject
Project("{FAE04EC0-301F-11D3-BF4B-00C04F79EFBC}") = "Odin.Systems", "Odin.Systems\Odin.Systems.csproj", "{47B87FEF-A49C-46F6-8EC4-F6D7BD0FDF3F}"
EndProject
Project("{FAE04EC0-301F-11D3-BF4B-00C04F79EFBC}") = "Odin.Component.CodeGen", "Odin.Component.CodeGen\Odin.Component.CodeGen.csproj", "{1C32FE40-0240-4D1D-A722-1389622E8129}"
EndProject
Project("{FAE04EC0-301F-11D3-BF4B-00C04F79EFBC}") = "Odin.Component.CodeGen.Sample", "Odin.Component.CodeGen.Sample\Odin.Component.CodeGen.Sample.csproj", "{E85F7769-A5A3-4446-A55A-1456CC4D5CBF}"
EndProject
Project("{2150E333-8FDC-42A3-9474-1A3956D46DE8}") = "Components", "Components", "{06AA37F6-3045-4007-81F4-FC401771F859}"
EndProject
Project("{FAE04EC0-301F-11D3-BF4B-00C04F79EFBC}") = "Odin.Abstractions", "Odin.Abstractions\Odin.Abstractions.csproj", "{33AD6684-582C-4489-9D9D-6DA8FEB2434A}"
EndProject
Project("{FAE04EC0-301F-11D3-BF4B-00C04F79EFBC}") = "Odin.Db.Sqlite", "Odin.Db.Sqlite\Odin.Db.Sqlite.csproj", "{AFF3E877-A08F-400F-A69D-4F7791A5EB8A}"
EndProject
Project("{FAE04EC0-301F-11D3-BF4B-00C04F79EFBC}") = "Odin.Tests.Abstractions", "Odin.Tests.Abstractions\Odin.Tests.Abstractions.csproj", "{542BB7F9-3F0C-4FAC-92B1-4969795774E5}"
EndProject
Project("{FAE04EC0-301F-11D3-BF4B-00C04F79EFBC}") = "Odin.Db.Sqlite.Tests", "Odin.Db.Sqlite.Tests\Odin.Db.Sqlite.Tests.csproj", "{10F9F7F6-0288-4FB5-BB8F-6ECC05FA0606}"
EndProject
Project("{2150E333-8FDC-42A3-9474-1A3956D46DE8}") = "Db", "Db", "{F7BE4457-6A42-4F89-A85C-3CA81782B469}"
EndProject
Project("{2150E333-8FDC-42A3-9474-1A3956D46DE8}") = "Sqlite", "Sqlite", "{C7185EAA-5378-40D5-8B5D-5B3079F3AE92}"
EndProject
Project("{FAE04EC0-301F-11D3-BF4B-00C04F79EFBC}") = "Odin.Db.Sqlite.CodeGen", "Odin.Db.Sqlite.CodeGen\Odin.Db.Sqlite.CodeGen.csproj", "{402C40CB-BBFA-40B1-929E-17EF0F6BBF48}"
EndProject
Project("{FAE04EC0-301F-11D3-BF4B-00C04F79EFBC}") = "Odin.Db.Sqlite.CodeGen.Sample", "Odin.Db.Sqlite.CodeGen.Sample\Odin.Db.Sqlite.CodeGen.Sample.csproj", "{76DEC951-4195-4B3E-80AF-841BC2F13AC9}"
EndProject
Project("{2150E333-8FDC-42A3-9474-1A3956D46DE8}") = "CodeGen", "CodeGen", "{528F8952-9C5F-4F15-B186-93D60A0B4446}"
EndProject
Project("{FAE04EC0-301F-11D3-BF4B-00C04F79EFBC}") = "Odin.CodeGen.Abstractions", "Odin.CodeGen.Abstractions\Odin.CodeGen.Abstractions.csproj", "{E650BB34-3CFB-4233-B6DF-BF7031C857A4}"
EndProject
Project("{2150E333-8FDC-42A3-9474-1A3956D46DE8}") = "CodeGen", "CodeGen", "{86A03682-4799-492C-8FFB-22D71A943502}"
EndProject
Global
	GlobalSection(SolutionConfigurationPlatforms) = preSolution
		Debug|Any CPU = Debug|Any CPU
		Release|Any CPU = Release|Any CPU
	EndGlobalSection
	GlobalSection(ProjectConfigurationPlatforms) = postSolution
		{64FB84D3-2AB1-41AA-93F4-E0E56DB1FC0F}.Debug|Any CPU.ActiveCfg = Debug|Any CPU
		{64FB84D3-2AB1-41AA-93F4-E0E56DB1FC0F}.Debug|Any CPU.Build.0 = Debug|Any CPU
		{64FB84D3-2AB1-41AA-93F4-E0E56DB1FC0F}.Release|Any CPU.ActiveCfg = Release|Any CPU
		{64FB84D3-2AB1-41AA-93F4-E0E56DB1FC0F}.Release|Any CPU.Build.0 = Release|Any CPU
		{59D2477F-FCF7-4EDB-8C65-01A12D50E9C4}.Debug|Any CPU.ActiveCfg = Debug|Any CPU
		{59D2477F-FCF7-4EDB-8C65-01A12D50E9C4}.Debug|Any CPU.Build.0 = Debug|Any CPU
		{59D2477F-FCF7-4EDB-8C65-01A12D50E9C4}.Release|Any CPU.ActiveCfg = Release|Any CPU
		{59D2477F-FCF7-4EDB-8C65-01A12D50E9C4}.Release|Any CPU.Build.0 = Release|Any CPU
		{47B87FEF-A49C-46F6-8EC4-F6D7BD0FDF3F}.Debug|Any CPU.ActiveCfg = Debug|Any CPU
		{47B87FEF-A49C-46F6-8EC4-F6D7BD0FDF3F}.Debug|Any CPU.Build.0 = Debug|Any CPU
		{47B87FEF-A49C-46F6-8EC4-F6D7BD0FDF3F}.Release|Any CPU.ActiveCfg = Release|Any CPU
		{47B87FEF-A49C-46F6-8EC4-F6D7BD0FDF3F}.Release|Any CPU.Build.0 = Release|Any CPU
		{1C32FE40-0240-4D1D-A722-1389622E8129}.Debug|Any CPU.ActiveCfg = Debug|Any CPU
		{1C32FE40-0240-4D1D-A722-1389622E8129}.Debug|Any CPU.Build.0 = Debug|Any CPU
		{1C32FE40-0240-4D1D-A722-1389622E8129}.Release|Any CPU.ActiveCfg = Release|Any CPU
		{1C32FE40-0240-4D1D-A722-1389622E8129}.Release|Any CPU.Build.0 = Release|Any CPU
		{E85F7769-A5A3-4446-A55A-1456CC4D5CBF}.Debug|Any CPU.ActiveCfg = Debug|Any CPU
		{E85F7769-A5A3-4446-A55A-1456CC4D5CBF}.Debug|Any CPU.Build.0 = Debug|Any CPU
		{E85F7769-A5A3-4446-A55A-1456CC4D5CBF}.Release|Any CPU.ActiveCfg = Release|Any CPU
		{E85F7769-A5A3-4446-A55A-1456CC4D5CBF}.Release|Any CPU.Build.0 = Release|Any CPU
		{33AD6684-582C-4489-9D9D-6DA8FEB2434A}.Debug|Any CPU.ActiveCfg = Debug|Any CPU
		{33AD6684-582C-4489-9D9D-6DA8FEB2434A}.Debug|Any CPU.Build.0 = Debug|Any CPU
		{33AD6684-582C-4489-9D9D-6DA8FEB2434A}.Release|Any CPU.ActiveCfg = Release|Any CPU
		{33AD6684-582C-4489-9D9D-6DA8FEB2434A}.Release|Any CPU.Build.0 = Release|Any CPU
		{AFF3E877-A08F-400F-A69D-4F7791A5EB8A}.Debug|Any CPU.ActiveCfg = Debug|Any CPU
		{AFF3E877-A08F-400F-A69D-4F7791A5EB8A}.Debug|Any CPU.Build.0 = Debug|Any CPU
		{AFF3E877-A08F-400F-A69D-4F7791A5EB8A}.Release|Any CPU.ActiveCfg = Release|Any CPU
		{AFF3E877-A08F-400F-A69D-4F7791A5EB8A}.Release|Any CPU.Build.0 = Release|Any CPU
		{542BB7F9-3F0C-4FAC-92B1-4969795774E5}.Debug|Any CPU.ActiveCfg = Debug|Any CPU
		{542BB7F9-3F0C-4FAC-92B1-4969795774E5}.Debug|Any CPU.Build.0 = Debug|Any CPU
		{542BB7F9-3F0C-4FAC-92B1-4969795774E5}.Release|Any CPU.ActiveCfg = Release|Any CPU
		{542BB7F9-3F0C-4FAC-92B1-4969795774E5}.Release|Any CPU.Build.0 = Release|Any CPU
		{10F9F7F6-0288-4FB5-BB8F-6ECC05FA0606}.Debug|Any CPU.ActiveCfg = Debug|Any CPU
		{10F9F7F6-0288-4FB5-BB8F-6ECC05FA0606}.Debug|Any CPU.Build.0 = Debug|Any CPU
		{10F9F7F6-0288-4FB5-BB8F-6ECC05FA0606}.Release|Any CPU.ActiveCfg = Release|Any CPU
		{10F9F7F6-0288-4FB5-BB8F-6ECC05FA0606}.Release|Any CPU.Build.0 = Release|Any CPU
		{402C40CB-BBFA-40B1-929E-17EF0F6BBF48}.Debug|Any CPU.ActiveCfg = Debug|Any CPU
		{402C40CB-BBFA-40B1-929E-17EF0F6BBF48}.Debug|Any CPU.Build.0 = Debug|Any CPU
		{402C40CB-BBFA-40B1-929E-17EF0F6BBF48}.Release|Any CPU.ActiveCfg = Release|Any CPU
		{402C40CB-BBFA-40B1-929E-17EF0F6BBF48}.Release|Any CPU.Build.0 = Release|Any CPU
		{76DEC951-4195-4B3E-80AF-841BC2F13AC9}.Debug|Any CPU.ActiveCfg = Debug|Any CPU
		{76DEC951-4195-4B3E-80AF-841BC2F13AC9}.Debug|Any CPU.Build.0 = Debug|Any CPU
		{76DEC951-4195-4B3E-80AF-841BC2F13AC9}.Release|Any CPU.ActiveCfg = Release|Any CPU
		{76DEC951-4195-4B3E-80AF-841BC2F13AC9}.Release|Any CPU.Build.0 = Release|Any CPU
		{E650BB34-3CFB-4233-B6DF-BF7031C857A4}.Debug|Any CPU.ActiveCfg = Debug|Any CPU
		{E650BB34-3CFB-4233-B6DF-BF7031C857A4}.Debug|Any CPU.Build.0 = Debug|Any CPU
		{E650BB34-3CFB-4233-B6DF-BF7031C857A4}.Release|Any CPU.ActiveCfg = Release|Any CPU
		{E650BB34-3CFB-4233-B6DF-BF7031C857A4}.Release|Any CPU.Build.0 = Release|Any CPU
	EndGlobalSection
	GlobalSection(NestedProjects) = preSolution
		{1C32FE40-0240-4D1D-A722-1389622E8129} = {06AA37F6-3045-4007-81F4-FC401771F859}
		{E85F7769-A5A3-4446-A55A-1456CC4D5CBF} = {06AA37F6-3045-4007-81F4-FC401771F859}
		{C7185EAA-5378-40D5-8B5D-5B3079F3AE92} = {F7BE4457-6A42-4F89-A85C-3CA81782B469}
		{AFF3E877-A08F-400F-A69D-4F7791A5EB8A} = {C7185EAA-5378-40D5-8B5D-5B3079F3AE92}
		{10F9F7F6-0288-4FB5-BB8F-6ECC05FA0606} = {C7185EAA-5378-40D5-8B5D-5B3079F3AE92}
		{06AA37F6-3045-4007-81F4-FC401771F859} = {528F8952-9C5F-4F15-B186-93D60A0B4446}
		{E650BB34-3CFB-4233-B6DF-BF7031C857A4} = {528F8952-9C5F-4F15-B186-93D60A0B4446}
		{86A03682-4799-492C-8FFB-22D71A943502} = {C7185EAA-5378-40D5-8B5D-5B3079F3AE92}
		{402C40CB-BBFA-40B1-929E-17EF0F6BBF48} = {86A03682-4799-492C-8FFB-22D71A943502}
		{76DEC951-4195-4B3E-80AF-841BC2F13AC9} = {86A03682-4799-492C-8FFB-22D71A943502}
	EndGlobalSection
EndGlobal
